
Microsoft Visual Studio Solution File, Format Version 11.00
# Visual Studio 2010
Project("{6870E480-7721-4708-BFB8-9AE898AA21B3}") = "SQLAudit_BISM_Tabular_Project", "SQLAudit_BISM_Tabular_Project\SQLAudit_BISM_Tabular_Project.smproj", "{18F65FA3-A9C1-4B99-8314-74ECBEA61031}"
EndProject
Global
	GlobalSection(SolutionConfigurationPlatforms) = preSolution
		Development|x86 = Development|x86
	EndGlobalSection
	GlobalSection(ProjectConfigurationPlatforms) = postSolution
		{18F65FA3-A9C1-4B99-8314-74ECBEA61031}.Development|x86.ActiveCfg = Development|x86
		{18F65FA3-A9C1-4B99-8314-74ECBEA61031}.Development|x86.Build.0 = Development|x86
		{18F65FA3-A9C1-4B99-8314-74ECBEA61031}.Development|x86.Deploy.0 = Development|x86
	EndGlobalSection
	GlobalSection(SolutionProperties) = preSolution
		HideSolutionNode = FALSE
	EndGlobalSection
EndGlobal
